PODS:
  - Capacitor (6.1.2):
    - CapacitorCordova
  - CapacitorCordova (6.1.2)
  - CapacitorDevice (6.0.1):
    - Capacitor
  - CapacitorStatusBar (6.0.1):
    - Capacitor

DEPENDENCIES:
  - "Capacitor (from `../../node_modules/@capacitor/ios`)"
  - "CapacitorCordova (from `../../node_modules/@capacitor/ios`)"
  - "CapacitorDevice (from `../../node_modules/@capacitor/device`)"
  - "CapacitorStatusBar (from `../../node_modules/@capacitor/status-bar`)"

EXTERNAL SOURCES:
  Capacitor:
    :path: "../../node_modules/@capacitor/ios"
  CapacitorCordova:
    :path: "../../node_modules/@capacitor/ios"
  CapacitorDevice:
    :path: "../../node_modules/@capacitor/device"
  CapacitorStatusBar:
    :path: "../../node_modules/@capacitor/status-bar"

SPEC CHECKSUMS:
  Capacitor: 679f9673fdf30597493a6362a5d5bf233d46abc2
  CapacitorCordova: f48c89f96c319101cd2f0ce8a2b7449b5fb8b3dd
  CapacitorDevice: 7097a1deb4224b77fd13a6e60a355d0062a5d772
  CapacitorStatusBar: b81d4fb5d4e0064c712018071b3ab4b810b39a63

PODFILE CHECKSUM: 5fc611402714e8eee4412b3f0a1492eeb44afb9f

COCOAPODS: 1.15.2
